
Microsoft Visual Studio Solution File, Format Version 12.00
# Visual Studio 15
VisualStudioVersion = 15.0.28307.271
MinimumVisualStudioVersion = 10.0.40219.1
Project("{FAE04EC0-301F-11D3-BF4B-00C04F79EFBC}") = "EFGetStarted.AspNetCore.NewDb", "EFGetStarted.AspNetCore.NewDb\EFGetStarted.AspNetCore.NewDb.csproj", "{EDBAC540-E6B7-4ADA-B4CB-94BAAC0556C9}"
EndProject
Global
	GlobalSection(SolutionConfigurationPlatforms) = preSolution
		Debug|Any CPU = Debug|Any CPU
		Release|Any CPU = Release|Any CPU
	EndGlobalSection
	GlobalSection(ProjectConfigurationPlatforms) = postSolution
		{EDBAC540-E6B7-4ADA-B4CB-94BAAC0556C9}.Debug|Any CPU.ActiveCfg = Debug|Any CPU
		{EDBAC540-E6B7-4ADA-B4CB-94BAAC0556C9}.Debug|Any CPU.Build.0 = Debug|Any CPU
		{EDBAC540-E6B7-4ADA-B4CB-94BAAC0556C9}.Release|Any CPU.ActiveCfg = Release|Any CPU
		{EDBAC540-E6B7-4ADA-B4CB-94BAAC0556C9}.Release|Any CPU.Build.0 = Release|Any CPU
	EndGlobalSection
	GlobalSection(SolutionProperties) = preSolution
		HideSolutionNode = FALSE
	EndGlobalSection
	GlobalSection(ExtensibilityGlobals) = postSolution
		SolutionGuid = {0AA90E12-64A1-4E5A-9062-417097AF1CEA}
	EndGlobalSection
EndGlobal
